// !$*UTF8*$!
{
	archiveVersion = 1;
	classes = {
	};
	objectVersion = 46;
	objects = {

/* Begin PBXBuildFile section */
		F3601B4619643029000A0E46 /* AppDelegate.swift in Sources */ = {isa = PBXBuildFile; fileRef = F3601B4519643029000A0E46 /* AppDelegate.swift */; };
		F3601B4819643029000A0E46 /* Images.xcassets in Resources */ = {isa = PBXBuildFile; fileRef = F3601B4719643029000A0E46 /* Images.xcassets */; };
		F3601B5419643029000A0E46 /* TennisGameTests.swift in Sources */ = {isa = PBXBuildFile; fileRef = F3601B5319643029000A0E46 /* TennisGameTests.swift */; };
		F3601B5E196432D2000A0E46 /* TennisGame.swift in Sources */ = {isa = PBXBuildFile; fileRef = F3601B5D196432D2000A0E46 /* TennisGame.swift */; };
		F3601B5F196432D2000A0E46 /* TennisGame.swift in Sources */ = {isa = PBXBuildFile; fileRef = F3601B5D196432D2000A0E46 /* TennisGame.swift */; };
/* End PBXBuildFile section */

/* Begin PBXContainerItemProxy section */
		F3601B4E19643029000A0E46 /* PBXContainerItemProxy */ = {
			isa = PBXContainerItemProxy;
			containerPortal = F3601B3819643029000A0E46 /* Project object */;
			proxyType = 1;
			remoteGlobalIDString = F3601B3F19643029000A0E46;
			remoteInfo = TennisKata2;
		};
/* End PBXContainerItemProxy section */

/* Begin PBXFileReference section */
		F3601B4019643029000A0E46 /* TennisKata2.app */ = {isa = PBXFileReference; explicitFileType = wrapper.application; includeInIndex = 0; path = TennisKata2.app; sourceTree = BUILT_PRODUCTS_DIR; };
		F3601B4419643029000A0E46 /* Info.plist */ = {isa = PBXFileReference; lastKnownFileType = text.plist.xml; path = Info.plist; sourceTree = "<group>"; };
		F3601B4519643029000A0E46 /* AppDelegate.swift */ = {isa = PBXFileReference; lastKnownFileType = sourcecode.swift; path = AppDelegate.swift; sourceTree = "<group>"; };
		F3601B4719643029000A0E46 /* Images.xcassets */ = {isa = PBXFileReference; lastKnownFileType = folder.assetcatalog; path = Images.xcassets; sourceTree = "<group>"; };
		F3601B4D19643029000A0E46 /* TennisKata2Tests.xctest */ = {isa = PBXFileReference; explicitFileType = wrapper.cfbundle; includeInIndex = 0; path = TennisKata2Tests.xctest; sourceTree = BUILT_PRODUCTS_DIR; };
		F3601B5219643029000A0E46 /* Info.plist */ = {isa = PBXFileReference; lastKnownFileType = text.plist.xml; path = Info.plist; sourceTree = "<group>"; };
		F3601B5319643029000A0E46 /* TennisGameTests.swift */ = {isa = PBXFileReference; lastKnownFileType = sourcecode.swift; path = TennisGameTests.swift; sourceTree = "<group>"; };
		F3601B5D196432D2000A0E46 /* TennisGame.swift */ = {isa = PBXFileReference; fileEncoding = 4; lastKnownFileType = sourcecode.swift; path = TennisGame.swift; sourceTree = "<group>"; };
/* End PBXFileReference section */

/* Begin PBXFrameworksBuildPhase section */
		F3601B3D19643029000A0E46 /* Frameworks */ = {
			isa = PBXFrameworksBuildPhase;
			buildActionMask = 2147483647;
			files = (
			);
			runOnlyForDeploymentPostprocessing = 0;
		};
		F3601B4A19643029000A0E46 /* Frameworks */ = {
			isa = PBXFrameworksBuildPhase;
			buildActionMask = 2147483647;
			files = (
			);
			runOnlyForDeploymentPostprocessing = 0;
		};
/* End PBXFrameworksBuildPhase section */

/* Begin PBXGroup section */
		F3601B3719643029000A0E46 = {
			isa = PBXGroup;
			children = (
				F3601B4219643029000A0E46 /* TennisKata2 */,
				F3601B5019643029000A0E46 /* TennisKata2Tests */,
				F3601B4119643029000A0E46 /* Products */,
			);
			sourceTree = "<group>";
		};
		F3601B4119643029000A0E46 /* Products */ = {
			isa = PBXGroup;
			children = (
				F3601B4019643029000A0E46 /* TennisKata2.app */,
				F3601B4D19643029000A0E46 /* TennisKata2Tests.xctest */,
			);
			name = Products;
			sourceTree = "<group>";
		};
		F3601B4219643029000A0E46 /* TennisKata2 */ = {
			isa = PBXGroup;
			children = (
				F3601B4519643029000A0E46 /* AppDelegate.swift */,
				F3601B4719643029000A0E46 /* Images.xcassets */,
				F3601B4319643029000A0E46 /* Supporting Files */,
				F3601B5D196432D2000A0E46 /* TennisGame.swift */,
			);
			path = TennisKata2;
			sourceTree = "<group>";
		};
		F3601B4319643029000A0E46 /* Supporting Files */ = {
			isa = PBXGroup;
			children = (
				F3601B4419643029000A0E46 /* Info.plist */,
			);
			name = "Supporting Files";
			sourceTree = "<group>";
		};
		F3601B5019643029000A0E46 /* TennisKata2Tests */ = {
			isa = PBXGroup;
			children = (
				F3601B5319643029000A0E46 /* TennisGameTests.swift */,
				F3601B5119643029000A0E46 /* Supporting Files */,
			);
			path = TennisKata2Tests;
			sourceTree = "<group>";
		};
		F3601B5119643029000A0E46 /* Supporting Files */ = {
			isa = PBXGroup;
			children = (
				F3601B5219643029000A0E46 /* Info.plist */,
			);
			name = "Supporting Files";
			sourceTree = "<group>";
		};
/* End PBXGroup section */

/* Begin PBXNativeTarget section */
		F3601B3F19643029000A0E46 /* TennisKata2 */ = {
			isa = PBXNativeTarget;
			buildConfigurationList = F3601B5719643029000A0E46 /* Build configuration list for PBXNativeTarget "TennisKata2" */;
			buildPhases = (
				F3601B3C19643029000A0E46 /* Sources */,
				F3601B3D19643029000A0E46 /* Frameworks */,
				F3601B3E19643029000A0E46 /* Resources */,
			);
			buildRules = (
			);
			dependencies = (
			);
			name = TennisKata2;
			productName = TennisKata2;
			productReference = F3601B4019643029000A0E46 /* TennisKata2.app */;
			productType = "com.apple.product-type.application";
		};
		F3601B4C19643029000A0E46 /* TennisKata2Tests */ = {
			isa = PBXNativeTarget;
			buildConfigurationList = F3601B5A19643029000A0E46 /* Build configuration list for PBXNativeTarget "TennisKata2Tests" */;
			buildPhases = (
				F3601B4919643029000A0E46 /* Sources */,
				F3601B4A19643029000A0E46 /* Frameworks */,
				F3601B4B19643029000A0E46 /* Resources */,
			);
			buildRules = (
			);
			dependencies = (
				F3601B4F19643029000A0E46 /* PBXTargetDependency */,
			);
			name = TennisKata2Tests;
			productName = TennisKata2Tests;
			productReference = F3601B4D19643029000A0E46 /* TennisKata2Tests.xctest */;
			productType = "com.apple.product-type.bundle.unit-test";
		};
/* End PBXNativeTarget section */

/* Begin PBXProject section */
		F3601B3819643029000A0E46 /* Project object */ = {
			isa = PBXProject;
			attributes = {
				LastUpgradeCheck = 0600;
				ORGANIZATIONNAME = "Ealden Escañan";
				TargetAttributes = {
					F3601B3F19643029000A0E46 = {
						CreatedOnToolsVersion = 6.0;
					};
					F3601B4C19643029000A0E46 = {
						CreatedOnToolsVersion = 6.0;
						TestTargetID = F3601B3F19643029000A0E46;
					};
				};
			};
			buildConfigurationList = F3601B3B19643029000A0E46 /* Build configuration list for PBXProject "TennisKata2" */;
			compatibilityVersion = "Xcode 3.2";
			developmentRegion = English;
			hasScannedForEncodings = 0;
			knownRegions = (
				en,
			);
			mainGroup = F3601B3719643029000A0E46;
			productRefGroup = F3601B4119643029000A0E46 /* Products */;
			projectDirPath = "";
			projectRoot = "";
			targets = (
				F3601B3F19643029000A0E46 /* TennisKata2 */,
				F3601B4C19643029000A0E46 /* TennisKata2Tests */,
			);
		};
/* End PBXProject section */

/* Begin PBXResourcesBuildPhase section */
		F3601B3E19643029000A0E46 /* Resources */ = {
			isa = PBXResourcesBuildPhase;
			buildActionMask = 2147483647;
			files = (
				F3601B4819643029000A0E46 /* Images.xcassets in Resources */,
			);
			runOnlyForDeploymentPostprocessing = 0;
		};
		F3601B4B19643029000A0E46 /* Resources */ = {
			isa = PBXResourcesBuildPhase;
			buildActionMask = 2147483647;
			files = (
			);
			runOnlyForDeploymentPostprocessing = 0;
		};
/* End PBXResourcesBuildPhase section */

/* Begin PBXSourcesBuildPhase section */
		F3601B3C19643029000A0E46 /* Sources */ = {
			isa = PBXSourcesBuildPhase;
			buildActionMask = 2147483647;
			files = (
				F3601B5E196432D2000A0E46 /* TennisGame.swift in Sources */,
				F3601B4619643029000A0E46 /* AppDelegate.swift in Sources */,
			);
			runOnlyForDeploymentPostprocessing = 0;
		};
		F3601B4919643029000A0E46 /* Sources */ = {
			isa = PBXSourcesBuildPhase;
			buildActionMask = 2147483647;
			files = (
				F3601B5F196432D2000A0E46 /* TennisGame.swift in Sources */,
				F3601B5419643029000A0E46 /* TennisGameTests.swift in Sources */,
			);
			runOnlyForDeploymentPostprocessing = 0;
		};
/* End PBXSourcesBuildPhase section */

/* Begin PBXTargetDependency section */
		F3601B4F19643029000A0E46 /* PBXTargetDependency */ = {
			isa = PBXTargetDependency;
			target = F3601B3F19643029000A0E46 /* TennisKata2 */;
			targetProxy = F3601B4E19643029000A0E46 /* PBXContainerItemProxy */;
		};
/* End PBXTargetDependency section */

/* Begin XCBuildConfiguration section */
		F3601B5519643029000A0E46 /* Debug */ = {
			isa = XCBuildConfiguration;
			buildSettings = {
				ALWAYS_SEARCH_USER_PATHS = NO;
				CLANG_CXX_LANGUAGE_STANDARD = "gnu++0x";
				CLANG_CXX_LIBRARY = "libc++";
				CLANG_ENABLE_MODULES = YES;
				CLANG_ENABLE_OBJC_ARC = YES;
				CLANG_WARN_BOOL_CONVERSION = YES;
				CLANG_WARN_CONSTANT_CONVERSION = YES;
				CLANG_WARN_DIRECT_OBJC_ISA_USAGE = YES_ERROR;
				CLANG_WARN_EMPTY_BODY = YES;
				CLANG_WARN_ENUM_CONVERSION = YES;
				CLANG_WARN_INT_CONVERSION = YES;
				CLANG_WARN_OBJC_ROOT_CLASS = YES_ERROR;
				CLANG_WARN_UNREACHABLE_CODE = YES;
				CLANG_WARN__DUPLICATE_METHOD_MATCH = YES;
				"CODE_SIGN_IDENTITY[sdk=iphoneos*]" = "iPhone Developer";
				COPY_PHASE_STRIP = NO;
				ENABLE_STRICT_OBJC_MSGSEND = YES;
				GCC_C_LANGUAGE_STANDARD = gnu99;
				GCC_DYNAMIC_NO_PIC = NO;
				GCC_OPTIMIZATION_LEVEL = 0;
				GCC_PREPROCESSOR_DEFINITIONS = (
					"DEBUG=1",
					"$(inherited)",
				);
				GCC_SYMBOLS_PRIVATE_EXTERN = NO;
				GCC_WARN_64_TO_32_BIT_CONVERSION = YES;
				GCC_WARN_ABOUT_RETURN_TYPE = YES_ERROR;
				GCC_WARN_UNDECLARED_SELECTOR = YES;
				GCC_WARN_UNINITIALIZED_AUTOS = YES_AGGRESSIVE;
				GCC_WARN_UNUSED_FUNCTION = YES;
				GCC_WARN_UNUSED_VARIABLE = YES;
				IPHONEOS_DEPLOYMENT_TARGET = 8.0;
				METAL_ENABLE_DEBUG_INFO = YES;
				ONLY_ACTIVE_ARCH = YES;
				SDKROOT = iphoneos;
				SWIFT_OPTIMIZATION_LEVEL = "-Onone";
			};
			name = Debug;
		};
		F3601B5619643029000A0E46 /* Release */ = {
			isa = XCBuildConfiguration;
			buildSettings = {
				ALWAYS_SEARCH_USER_PATHS = NO;
				CLANG_CXX_LANGUAGE_STANDARD = "gnu++0x";
				CLANG_CXX_LIBRARY = "libc++";
				CLANG_ENABLE_MODULES = YES;
				CLANG_ENABLE_OBJC_ARC = YES;
				CLANG_WARN_BOOL_CONVERSION = YES;
				CLANG_WARN_CONSTANT_CONVERSION = YES;
				CLANG_WARN_DIRECT_OBJC_ISA_USAGE = YES_ERROR;
				CLANG_WARN_EMPTY_BODY = YES;
				CLANG_WARN_ENUM_CONVERSION = YES;
				CLANG_WARN_INT_CONVERSION = YES;
				CLANG_WARN_OBJC_ROOT_CLASS = YES_ERROR;
				CLANG_WARN_UNREACHABLE_CODE = YES;
				CLANG_WARN__DUPLICATE_METHOD_MATCH = YES;
				"CODE_SIGN_IDENTITY[sdk=iphoneos*]" = "iPhone Developer";
				COPY_PHASE_STRIP = YES;
				ENABLE_NS_ASSERTIONS = NO;
				ENABLE_STRICT_OBJC_MSGSEND = YES;
				GCC_C_LANGUAGE_STANDARD = gnu99;
				GCC_WARN_64_TO_32_BIT_CONVERSION = YES;
				GCC_WARN_ABOUT_RETURN_TYPE = YES_ERROR;
				GCC_WARN_UNDECLARED_SELECTOR = YES;
				GCC_WARN_UNINITIALIZED_AUTOS = YES_AGGRESSIVE;
				GCC_WARN_UNUSED_FUNCTION = YES;
				GCC_WARN_UNUSED_VARIABLE = YES;
				IPHONEOS_DEPLOYMENT_TARGET = 8.0;
				METAL_ENABLE_DEBUG_INFO = NO;
				SDKROOT = iphoneos;
				VALIDATE_PRODUCT = YES;
			};
			name = Release;
		};
		F3601B5819643029000A0E46 /* Debug */ = {
			isa = XCBuildConfiguration;
			buildSettings = {
				ASSETCATALOG_COMPILER_APPICON_NAME = AppIcon;
				ASSETCATALOG_COMPILER_LAUNCHIMAGE_NAME = LaunchImage;
				INFOPLIST_FILE = TennisKata2/Info.plist;
				LD_RUNPATH_SEARCH_PATHS = "$(inherited) @executable_path/Frameworks";
				PRODUCT_NAME = "$(TARGET_NAME)";
			};
			name = Debug;
		};
		F3601B5919643029000A0E46 /* Release */ = {
			isa = XCBuildConfiguration;
			buildSettings = {
				ASSETCATALOG_COMPILER_APPICON_NAME = AppIcon;
				ASSETCATALOG_COMPILER_LAUNCHIMAGE_NAME = LaunchImage;
				INFOPLIST_FILE = TennisKata2/Info.plist;
				LD_RUNPATH_SEARCH_PATHS = "$(inherited) @executable_path/Frameworks";
				PRODUCT_NAME = "$(TARGET_NAME)";
			};
			name = Release;
		};
		F3601B5B19643029000A0E46 /* Debug */ = {
			isa = XCBuildConfiguration;
			buildSettings = {
				BUNDLE_LOADER = "$(BUILT_PRODUCTS_DIR)/TennisKata2.app/TennisKata2";
				FRAMEWORK_SEARCH_PATHS = (
					"$(SDKROOT)/Developer/Library/Frameworks",
					"$(inherited)",
				);
				GCC_PREPROCESSOR_DEFINITIONS = (
					"DEBUG=1",
					"$(inherited)",
				);
				INFOPLIST_FILE = TennisKata2Tests/Info.plist;
				LD_RUNPATH_SEARCH_PATHS = "$(inherited) @executable_path/Frameworks @loader_path/Frameworks";
				METAL_ENABLE_DEBUG_INFO = YES;
				PRODUCT_NAME = "$(TARGET_NAME)";
				TEST_HOST = "$(BUNDLE_LOADER)";
			};
			name = Debug;
		};
		F3601B5C19643029000A0E46 /* Release */ = {
			isa = XCBuildConfiguration;
			buildSettings = {
				BUNDLE_LOADER = "$(BUILT_PRODUCTS_DIR)/TennisKata2.app/TennisKata2";
				FRAMEWORK_SEARCH_PATHS = (
					"$(SDKROOT)/Developer/Library/Frameworks",
					"$(inherited)",
				);
				INFOPLIST_FILE = TennisKata2Tests/Info.plist;
				LD_RUNPATH_SEARCH_PATHS = "$(inherited) @executable_path/Frameworks @loader_path/Frameworks";
				METAL_ENABLE_DEBUG_INFO = NO;
				PRODUCT_NAME = "$(TARGET_NAME)";
				TEST_HOST = "$(BUNDLE_LOADER)";
			};
			name = Release;
		};
/* End XCBuildConfiguration section */

/* Begin XCConfigurationList section */
		F3601B3B19643029000A0E46 /* Build configuration list for PBXProject "TennisKata2" */ = {
			isa = XCConfigurationList;
			buildConfigurations = (
				F3601B5519643029000A0E46 /* Debug */,
				F3601B5619643029000A0E46 /* Release */,
			);
			defaultConfigurationIsVisible = 0;
			defaultConfigurationName = Release;
		};
		F3601B5719643029000A0E46 /* Build configuration list for PBXNativeTarget "TennisKata2" */ = {
			isa = XCConfigurationList;
			buildConfigurations = (
				F3601B5819643029000A0E46 /* Debug */,
				F3601B5919643029000A0E46 /* Release */,
			);
			defaultConfigurationIsVisible = 0;
		};
		F3601B5A19643029000A0E46 /* Build configuration list for PBXNativeTarget "TennisKata2Tests" */ = {
			isa = XCConfigurationList;
			buildConfigurations = (
				F3601B5B19643029000A0E46 /* Debug */,
				F3601B5C19643029000A0E46 /* Release */,
			);
			defaultConfigurationIsVisible = 0;
		};
/* End XCConfigurationList section */
	};
	rootObject = F3601B3819643029000A0E46 /* Project object */;
}
